{
  "name": "ProyectoFinal",
  "lockfileVersion": 3,
  "requires": true,
  "packages": {
    "": {
      "dependencies": {
        "ng-recaptcha": "^12.0.1"
      }
    },
    "node_modules/@angular/core": {
      "version": "16.1.2",
      "resolved": "https://registry.npmjs.org/@angular/core/-/core-16.1.2.tgz",
      "integrity": "sha512-1w8DcSY/ZJT6qBaZWZGNQ50YQ5Cffm7xXSIcjIZeQwQKRAZNlZ1O/pFEer1kvxkAbVsQH3Nf6kB6t8PkNFCWMg==",
      "peer": true,
      "dependencies": {
        "tslib": "^2.3.0"
      },
      "engines": {
        "node": "^16.14.0 || >=18.10.0"
      },
      "peerDependencies": {
        "rxjs": "^6.5.3 || ^7.4.0",
        "zone.js": "~0.13.0"
      }
    },
    "node_modules/@types/grecaptcha": {
      "version": "3.0.4",
      "resolved": "https://registry.npmjs.org/@types/grecaptcha/-/grecaptcha-3.0.4.tgz",
      "integrity": "sha512-7l1Y8DTGXkx/r4pwU1nMVAR+yD/QC+MCHKXAyEX/7JZhwcN1IED09aZ9vCjjkcGdhSQiu/eJqcXInpl6eEEEwg=="
    },
    "node_modules/ng-recaptcha": {
      "version": "12.0.1",
      "resolved": "https://registry.npmjs.org/ng-recaptcha/-/ng-recaptcha-12.0.1.tgz",
      "integrity": "sha512-EX7IKqEn2SF8a2Enw3ggZVEjBIW2LQ52YiT2cb0/z4InikjlFoXGyM7PVb+jVvZfr5sfrxfRd/OOX29sjtWexA==",
      "dependencies": {
        "@types/grecaptcha": "^3.0.3",
        "tslib": "^2.2.0"
      },
      "peerDependencies": {
        "@angular/core": "^16.0.0"
      }
    },
    "node_modules/rxjs": {
      "version": "7.8.1",
      "resolved": "https://registry.npmjs.org/rxjs/-/rxjs-7.8.1.tgz",
      "integrity": "sha512-AA3TVj+0A2iuIoQkWEK/tqFjBq2j+6PO6Y0zJcvzLAFhEFIO3HL0vls9hWLncZbAAbK0mar7oZ4V079I/qPMxg==",
      "peer": true,
      "dependencies": {
        "tslib": "^2.1.0"
      }
    },
    "node_modules/tslib": {
      "version": "2.5.3",
      "resolved": "https://registry.npmjs.org/tslib/-/tslib-2.5.3.tgz",
      "integrity": "sha512-mSxlJJwl3BMEQCUNnxXBU9jP4JBktcEGhURcPR6VQVlnP0FdDEsIaz0C35dXNGLyRfrATNofF0F5p2KPxQgB+w=="
    },
    "node_modules/zone.js": {
      "version": "0.13.1",
      "resolved": "https://registry.npmjs.org/zone.js/-/zone.js-0.13.1.tgz",
      "integrity": "sha512-+bIeDAFEBYuXRuU3qGQvzdPap+N1zjM4KkBAiiQuVVCrHrhjDuY6VkUhNa5+U27+9w0q3fbKiMCbpJ0XzMmSWA==",
      "peer": true,
      "dependencies": {
        "tslib": "^2.3.0"
      }
    }
  }
}
